{
  "name": "pexpolicy_node_cjs",
  "version": "1.0.0",
  "lockfileVersion": 2,
  "requires": true,
  "packages": {
    "": {
      "name": "pexpolicy_node_cjs",
      "version": "1.0.0",
      "license": "ISC",
      "dependencies": {
        "node-fetch": "file:.2.6.7"
      }
    },
    ".2.6.7": {},
    "node_modules/node-fetch": {
      "resolved": ".2.6.7",
      "link": true
    }
  },
  "dependencies": {
    "node-fetch": {
      "version": "file:.2.6.7"
    }
  }
}
